// !$*UTF8*$!
{
	archiveVersion = 1;
	classes = {
	};
	objectVersion = 51;
	objects = {

/* Begin PBXBuildFile section */
		1077E7B825BD7E72004DF6F9 /* CoreLocation.framework in Frameworks */ = {isa = PBXBuildFile; fileRef = 1077E7B725BD7E72004DF6F9 /* CoreLocation.framework */; };
		1077E87825BDF6A2004DF6F9 /* HomeAPIContentView.swift in Sources */ = {isa = PBXBuildFile; fileRef = 1077E87725BDF6A2004DF6F9 /* HomeAPIContentView.swift */; };
		1077E88525BE0428004DF6F9 /* UIMimicController.swift in Sources */ = {isa = PBXBuildFile; fileRef = 1077E88425BE0428004DF6F9 /* UIMimicController.swift */; };
		1077E89C25BF0FDC004DF6F9 /* LocationViewModel.swift in Sources */ = {isa = PBXBuildFile; fileRef = 1077E89B25BF0FDC004DF6F9 /* LocationViewModel.swift */; };
		131BD91D25BA3F0400B6FF44 /* TypesTableViewController.swift in Sources */ = {isa = PBXBuildFile; fileRef = 131BD91C25BA3F0400B6FF44 /* TypesTableViewController.swift */; };
		131BD92A25BA3FAB00B6FF44 /* GoogleDataProvider.swift in Sources */ = {isa = PBXBuildFile; fileRef = 131BD92925BA3FAB00B6FF44 /* GoogleDataProvider.swift */; };
		131BD93325BA400200B6FF44 /* GooglePlace.swift in Sources */ = {isa = PBXBuildFile; fileRef = 131BD93225BA400200B6FF44 /* GooglePlace.swift */; };
		131BD93825BA402200B6FF44 /* PlaceMarker.swift in Sources */ = {isa = PBXBuildFile; fileRef = 131BD93725BA402200B6FF44 /* PlaceMarker.swift */; };
		131BD93D25BA404400B6FF44 /* Metadata.swift in Sources */ = {isa = PBXBuildFile; fileRef = 131BD93C25BA404400B6FF44 /* Metadata.swift */; };
		131BD94225BA409400B6FF44 /* CLLocationCoordinate+Extensions.swift in Sources */ = {isa = PBXBuildFile; fileRef = 131BD94125BA409400B6FF44 /* CLLocationCoordinate+Extensions.swift */; };
		131BD94725BA40ED00B6FF44 /* MarkerInfoView.swift in Sources */ = {isa = PBXBuildFile; fileRef = 131BD94625BA40ED00B6FF44 /* MarkerInfoView.swift */; };
		1380FB2325B9C6F4001D74E7 /* AppDelegate.swift in Sources */ = {isa = PBXBuildFile; fileRef = 1380FB2225B9C6F4001D74E7 /* AppDelegate.swift */; };
		1380FB2525B9C6F4001D74E7 /* SceneDelegate.swift in Sources */ = {isa = PBXBuildFile; fileRef = 1380FB2425B9C6F4001D74E7 /* SceneDelegate.swift */; };
		1380FB2725B9C6F4001D74E7 /* MapViewController.swift in Sources */ = {isa = PBXBuildFile; fileRef = 1380FB2625B9C6F4001D74E7 /* MapViewController.swift */; };
		1380FB2A25B9C6F4001D74E7 /* Main.storyboard in Resources */ = {isa = PBXBuildFile; fileRef = 1380FB2825B9C6F4001D74E7 /* Main.storyboard */; };
		1380FB2C25B9C6F6001D74E7 /* images.xcassets in Resources */ = {isa = PBXBuildFile; fileRef = 1380FB2B25B9C6F6001D74E7 /* images.xcassets */; };
		1380FB2F25B9C6F6001D74E7 /* LaunchScreen.storyboard in Resources */ = {isa = PBXBuildFile; fileRef = 1380FB2D25B9C6F6001D74E7 /* LaunchScreen.storyboard */; };
		1380FB3A25B9C6F7001D74E7 /* SOS_AppTests.swift in Sources */ = {isa = PBXBuildFile; fileRef = 1380FB3925B9C6F7001D74E7 /* SOS_AppTests.swift */; };
		1380FB4525B9C6F7001D74E7 /* SOS_AppUITests.swift in Sources */ = {isa = PBXBuildFile; fileRef = 1380FB4425B9C6F7001D74E7 /* SOS_AppUITests.swift */; };
		13CA2D3325BA43C900B979D6 /* MarkerInfoView.xib in Resources */ = {isa = PBXBuildFile; fileRef = 13CA2D3225BA43C900B979D6 /* MarkerInfoView.xib */; };
		13CA2D3825BA441200B979D6 /* UIView+Extensions.swift in Sources */ = {isa = PBXBuildFile; fileRef = 13CA2D3725BA441200B979D6 /* UIView+Extensions.swift */; };
		2F2AF9EBF201F9FE2B79EAED /* Pods_SOS_App_SOS_AppUITests.framework in Frameworks */ = {isa = PBXBuildFile; fileRef = 4458B1D9C7D23635818C8809 /* Pods_SOS_App_SOS_AppUITests.framework */; };
		D82070A0A62153C24DC37C83 /* Pods_SOS_App.framework in Frameworks */ = {isa = PBXBuildFile; fileRef = A03FDCDCADCB77C72A47DF43 /* Pods_SOS_App.framework */; };
		DC899899532095E459ED0E30 /* Pods_SOS_AppTests.framework in Frameworks */ = {isa = PBXBuildFile; fileRef = CB0EB2351AB1DA7D95E85332 /* Pods_SOS_AppTests.framework */; };
/* End PBXBuildFile section */

/* Begin PBXContainerItemProxy section */
		1380FB3625B9C6F7001D74E7 /* PBXContainerItemProxy */ = {
			isa = PBXContainerItemProxy;
			containerPortal = 1380FB1725B9C6F4001D74E7 /* Project object */;
			proxyType = 1;
			remoteGlobalIDString = 1380FB1E25B9C6F4001D74E7;
			remoteInfo = "SOS-App";
		};
		1380FB4125B9C6F7001D74E7 /* PBXContainerItemProxy */ = {
			isa = PBXContainerItemProxy;
			containerPortal = 1380FB1725B9C6F4001D74E7 /* Project object */;
			proxyType = 1;
			remoteGlobalIDString = 1380FB1E25B9C6F4001D74E7;
			remoteInfo = "SOS-App";
		};
/* End PBXContainerItemProxy section */

/* Begin PBXFileReference section */
		1077E7B725BD7E72004DF6F9 /* CoreLocation.framework */ = {isa = PBXFileReference; lastKnownFileType = wrapper.framework; name = CoreLocation.framework; path = System/Library/Frameworks/CoreLocation.framework; sourceTree = SDKROOT; };
		1077E87725BDF6A2004DF6F9 /* HomeAPIContentView.swift */ = {isa = PBXFileReference; fileEncoding = 4; lastKnownFileType = sourcecode.swift; path = HomeAPIContentView.swift; sourceTree = "<group>"; };
		1077E88425BE0428004DF6F9 /* UIMimicController.swift */ = {isa = PBXFileReference; lastKnownFileType = sourcecode.swift; path = UIMimicController.swift; sourceTree = "<group>"; };
		1077E89B25BF0FDC004DF6F9 /* LocationViewModel.swift */ = {isa = PBXFileReference; lastKnownFileType = sourcecode.swift; path = LocationViewModel.swift; sourceTree = "<group>"; };
		131BD91C25BA3F0400B6FF44 /* TypesTableViewController.swift */ = {isa = PBXFileReference; lastKnownFileType = sourcecode.swift; path = TypesTableViewController.swift; sourceTree = "<group>"; };
		131BD92925BA3FAB00B6FF44 /* GoogleDataProvider.swift */ = {isa = PBXFileReference; lastKnownFileType = sourcecode.swift; path = GoogleDataProvider.swift; sourceTree = "<group>"; };
		131BD93225BA400200B6FF44 /* GooglePlace.swift */ = {isa = PBXFileReference; lastKnownFileType = sourcecode.swift; path = GooglePlace.swift; sourceTree = "<group>"; };
		131BD93725BA402200B6FF44 /* PlaceMarker.swift */ = {isa = PBXFileReference; lastKnownFileType = sourcecode.swift; path = PlaceMarker.swift; sourceTree = "<group>"; };
		131BD93C25BA404400B6FF44 /* Metadata.swift */ = {isa = PBXFileReference; lastKnownFileType = sourcecode.swift; path = Metadata.swift; sourceTree = "<group>"; };
		131BD94125BA409400B6FF44 /* CLLocationCoordinate+Extensions.swift */ = {isa = PBXFileReference; lastKnownFileType = sourcecode.swift; path = "CLLocationCoordinate+Extensions.swift"; sourceTree = "<group>"; };
		131BD94625BA40ED00B6FF44 /* MarkerInfoView.swift */ = {isa = PBXFileReference; lastKnownFileType = sourcecode.swift; path = MarkerInfoView.swift; sourceTree = "<group>"; };
		1380FB1F25B9C6F4001D74E7 /* SOS-App.app */ = {isa = PBXFileReference; explicitFileType = wrapper.application; includeInIndex = 0; path = "SOS-App.app"; sourceTree = BUILT_PRODUCTS_DIR; };
		1380FB2225B9C6F4001D74E7 /* AppDelegate.swift */ = {isa = PBXFileReference; lastKnownFileType = sourcecode.swift; path = AppDelegate.swift; sourceTree = "<group>"; };
		1380FB2425B9C6F4001D74E7 /* SceneDelegate.swift */ = {isa = PBXFileReference; lastKnownFileType = sourcecode.swift; path = SceneDelegate.swift; sourceTree = "<group>"; };
		1380FB2625B9C6F4001D74E7 /* MapViewController.swift */ = {isa = PBXFileReference; lastKnownFileType = sourcecode.swift; path = MapViewController.swift; sourceTree = "<group>"; };
		1380FB2925B9C6F4001D74E7 /* Base */ = {isa = PBXFileReference; lastKnownFileType = file.storyboard; name = Base; path = Base.lproj/Main.storyboard; sourceTree = "<group>"; };
		1380FB2B25B9C6F6001D74E7 /* images.xcassets */ = {isa = PBXFileReference; lastKnownFileType = folder.assetcatalog; path = images.xcassets; sourceTree = "<group>"; };
		1380FB2E25B9C6F6001D74E7 /* Base */ = {isa = PBXFileReference; lastKnownFileType = file.storyboard; name = Base; path = Base.lproj/LaunchScreen.storyboard; sourceTree = "<group>"; };
		1380FB3025B9C6F6001D74E7 /* Info.plist */ = {isa = PBXFileReference; lastKnownFileType = text.plist.xml; path = Info.plist; sourceTree = "<group>"; };
		1380FB3525B9C6F7001D74E7 /* SOS-AppTests.xctest */ = {isa = PBXFileReference; explicitFileType = wrapper.cfbundle; includeInIndex = 0; path = "SOS-AppTests.xctest"; sourceTree = BUILT_PRODUCTS_DIR; };
		1380FB3925B9C6F7001D74E7 /* SOS_AppTests.swift */ = {isa = PBXFileReference; lastKnownFileType = sourcecode.swift; path = SOS_AppTests.swift; sourceTree = "<group>"; };
		1380FB3B25B9C6F7001D74E7 /* Info.plist */ = {isa = PBXFileReference; lastKnownFileType = text.plist.xml; path = Info.plist; sourceTree = "<group>"; };
		1380FB4025B9C6F7001D74E7 /* SOS-AppUITests.xctest */ = {isa = PBXFileReference; explicitFileType = wrapper.cfbundle; includeInIndex = 0; path = "SOS-AppUITests.xctest"; sourceTree = BUILT_PRODUCTS_DIR; };
		1380FB4425B9C6F7001D74E7 /* SOS_AppUITests.swift */ = {isa = PBXFileReference; lastKnownFileType = sourcecode.swift; path = SOS_AppUITests.swift; sourceTree = "<group>"; };
		1380FB4625B9C6F7001D74E7 /* Info.plist */ = {isa = PBXFileReference; lastKnownFileType = text.plist.xml; path = Info.plist; sourceTree = "<group>"; };
		13CA2D3225BA43C900B979D6 /* MarkerInfoView.xib */ = {isa = PBXFileReference; lastKnownFileType = file.xib; path = MarkerInfoView.xib; sourceTree = "<group>"; };
		13CA2D3725BA441200B979D6 /* UIView+Extensions.swift */ = {isa = PBXFileReference; lastKnownFileType = sourcecode.swift; path = "UIView+Extensions.swift"; sourceTree = "<group>"; };
		4458B1D9C7D23635818C8809 /* Pods_SOS_App_SOS_AppUITests.framework */ = {isa = PBXFileReference; explicitFileType = wrapper.framework; includeInIndex = 0; path = Pods_SOS_App_SOS_AppUITests.framework; sourceTree = BUILT_PRODUCTS_DIR; };
		552A5EC5B2DE9A8445167A66 /* Pods-SOS-AppTests.release.xcconfig */ = {isa = PBXFileReference; includeInIndex = 1; lastKnownFileType = text.xcconfig; name = "Pods-SOS-AppTests.release.xcconfig"; path = "Target Support Files/Pods-SOS-AppTests/Pods-SOS-AppTests.release.xcconfig"; sourceTree = "<group>"; };
		5B474BA887CC6085BF17568C /* Pods-SOS-App.debug.xcconfig */ = {isa = PBXFileReference; includeInIndex = 1; lastKnownFileType = text.xcconfig; name = "Pods-SOS-App.debug.xcconfig"; path = "Target Support Files/Pods-SOS-App/Pods-SOS-App.debug.xcconfig"; sourceTree = "<group>"; };
		A03FDCDCADCB77C72A47DF43 /* Pods_SOS_App.framework */ = {isa = PBXFileReference; explicitFileType = wrapper.framework; includeInIndex = 0; path = Pods_SOS_App.framework; sourceTree = BUILT_PRODUCTS_DIR; };
		B253F32DB492D8FAE250293F /* Pods-SOS-AppTests.debug.xcconfig */ = {isa = PBXFileReference; includeInIndex = 1; lastKnownFileType = text.xcconfig; name = "Pods-SOS-AppTests.debug.xcconfig"; path = "Target Support Files/Pods-SOS-AppTests/Pods-SOS-AppTests.debug.xcconfig"; sourceTree = "<group>"; };
		CB0EB2351AB1DA7D95E85332 /* Pods_SOS_AppTests.framework */ = {isa = PBXFileReference; explicitFileType = wrapper.framework; includeInIndex = 0; path = Pods_SOS_AppTests.framework; sourceTree = BUILT_PRODUCTS_DIR; };
		D048702AAC97FCED3CE4BBEC /* Pods-SOS-App-SOS-AppUITests.debug.xcconfig */ = {isa = PBXFileReference; includeInIndex = 1; lastKnownFileType = text.xcconfig; name = "Pods-SOS-App-SOS-AppUITests.debug.xcconfig"; path = "Target Support Files/Pods-SOS-App-SOS-AppUITests/Pods-SOS-App-SOS-AppUITests.debug.xcconfig"; sourceTree = "<group>"; };
		DD24575076022BD00736B127 /* Pods-SOS-App.release.xcconfig */ = {isa = PBXFileReference; includeInIndex = 1; lastKnownFileType = text.xcconfig; name = "Pods-SOS-App.release.xcconfig"; path = "Target Support Files/Pods-SOS-App/Pods-SOS-App.release.xcconfig"; sourceTree = "<group>"; };
		F1E858CAE6D378CCC4EA2CB3 /* Pods-SOS-App-SOS-AppUITests.release.xcconfig */ = {isa = PBXFileReference; includeInIndex = 1; lastKnownFileType = text.xcconfig; name = "Pods-SOS-App-SOS-AppUITests.release.xcconfig"; path = "Target Support Files/Pods-SOS-App-SOS-AppUITests/Pods-SOS-App-SOS-AppUITests.release.xcconfig"; sourceTree = "<group>"; };
/* End PBXFileReference section */

/* Begin PBXFrameworksBuildPhase section */
		1380FB1C25B9C6F4001D74E7 /* Frameworks */ = {
			isa = PBXFrameworksBuildPhase;
			buildActionMask = 2147483647;
			files = (
				1077E7B825BD7E72004DF6F9 /* CoreLocation.framework in Frameworks */,
				D82070A0A62153C24DC37C83 /* Pods_SOS_App.framework in Frameworks */,
			);
			runOnlyForDeploymentPostprocessing = 0;
		};
		1380FB3225B9C6F7001D74E7 /* Frameworks */ = {
			isa = PBXFrameworksBuildPhase;
			buildActionMask = 2147483647;
			files = (
				DC899899532095E459ED0E30 /* Pods_SOS_AppTests.framework in Frameworks */,
			);
			runOnlyForDeploymentPostprocessing = 0;
		};
		1380FB3D25B9C6F7001D74E7 /* Frameworks */ = {
			isa = PBXFrameworksBuildPhase;
			buildActionMask = 2147483647;
			files = (
				2F2AF9EBF201F9FE2B79EAED /* Pods_SOS_App_SOS_AppUITests.framework in Frameworks */,
			);
			runOnlyForDeploymentPostprocessing = 0;
		};
/* End PBXFrameworksBuildPhase section */

/* Begin PBXGroup section */
		131BD91025BA3DF100B6FF44 /* Controllers */ = {
			isa = PBXGroup;
			children = (
				1077E88425BE0428004DF6F9 /* UIMimicController.swift */,
				1380FB2625B9C6F4001D74E7 /* MapViewController.swift */,
				131BD91C25BA3F0400B6FF44 /* TypesTableViewController.swift */,
			);
			path = Controllers;
			sourceTree = "<group>";
		};
		131BD92E25BA3FE000B6FF44 /* Model */ = {
			isa = PBXGroup;
			children = (
				1077E89B25BF0FDC004DF6F9 /* LocationViewModel.swift */,
				131BD92925BA3FAB00B6FF44 /* GoogleDataProvider.swift */,
				131BD93225BA400200B6FF44 /* GooglePlace.swift */,
				131BD93725BA402200B6FF44 /* PlaceMarker.swift */,
				131BD93C25BA404400B6FF44 /* Metadata.swift */,
				131BD94125BA409400B6FF44 /* CLLocationCoordinate+Extensions.swift */,
			);
			path = Model;
			sourceTree = "<group>";
		};
		131BD94E25BA40F400B6FF44 /* Views */ = {
			isa = PBXGroup;
			children = (
				1077E87725BDF6A2004DF6F9 /* HomeAPIContentView.swift */,
				131BD94625BA40ED00B6FF44 /* MarkerInfoView.swift */,
				13CA2D3225BA43C900B979D6 /* MarkerInfoView.xib */,
				13CA2D3725BA441200B979D6 /* UIView+Extensions.swift */,
			);
			path = Views;
			sourceTree = "<group>";
		};
		1380FB1625B9C6F4001D74E7 = {
			isa = PBXGroup;
			children = (
				1380FB2125B9C6F4001D74E7 /* SOS-App */,
				1380FB3825B9C6F7001D74E7 /* SOS-AppTests */,
				1380FB4325B9C6F7001D74E7 /* SOS-AppUITests */,
				1380FB2025B9C6F4001D74E7 /* Products */,
				EFCB16084A270BDA78B7244D /* Pods */,
				2E24FB6710AE72659F9C78A4 /* Frameworks */,
			);
			sourceTree = "<group>";
		};
		1380FB2025B9C6F4001D74E7 /* Products */ = {
			isa = PBXGroup;
			children = (
				1380FB1F25B9C6F4001D74E7 /* SOS-App.app */,
				1380FB3525B9C6F7001D74E7 /* SOS-AppTests.xctest */,
				1380FB4025B9C6F7001D74E7 /* SOS-AppUITests.xctest */,
			);
			name = Products;
			sourceTree = "<group>";
		};
		1380FB2125B9C6F4001D74E7 /* SOS-App */ = {
			isa = PBXGroup;
			children = (
				1380FB2225B9C6F4001D74E7 /* AppDelegate.swift */,
				131BD91025BA3DF100B6FF44 /* Controllers */,
				131BD92E25BA3FE000B6FF44 /* Model */,
				131BD94E25BA40F400B6FF44 /* Views */,
				1380FB2825B9C6F4001D74E7 /* Main.storyboard */,
				1380FB2D25B9C6F6001D74E7 /* LaunchScreen.storyboard */,
				1380FB2B25B9C6F6001D74E7 /* images.xcassets */,
				1380FB2425B9C6F4001D74E7 /* SceneDelegate.swift */,
				1380FB3025B9C6F6001D74E7 /* Info.plist */,
			);
			path = "SOS-App";
			sourceTree = "<group>";
		};
		1380FB3825B9C6F7001D74E7 /* SOS-AppTests */ = {
			isa = PBXGroup;
			children = (
				1380FB3925B9C6F7001D74E7 /* SOS_AppTests.swift */,
				1380FB3B25B9C6F7001D74E7 /* Info.plist */,
			);
			path = "SOS-AppTests";
			sourceTree = "<group>";
		};
		1380FB4325B9C6F7001D74E7 /* SOS-AppUITests */ = {
			isa = PBXGroup;
			children = (
				1380FB4425B9C6F7001D74E7 /* SOS_AppUITests.swift */,
				1380FB4625B9C6F7001D74E7 /* Info.plist */,
			);
			path = "SOS-AppUITests";
			sourceTree = "<group>";
		};
		2E24FB6710AE72659F9C78A4 /* Frameworks */ = {
			isa = PBXGroup;
			children = (
				1077E7B725BD7E72004DF6F9 /* CoreLocation.framework */,
				A03FDCDCADCB77C72A47DF43 /* Pods_SOS_App.framework */,
				4458B1D9C7D23635818C8809 /* Pods_SOS_App_SOS_AppUITests.framework */,
				CB0EB2351AB1DA7D95E85332 /* Pods_SOS_AppTests.framework */,
			);
			name = Frameworks;
			sourceTree = "<group>";
		};
		EFCB16084A270BDA78B7244D /* Pods */ = {
			isa = PBXGroup;
			children = (
				5B474BA887CC6085BF17568C /* Pods-SOS-App.debug.xcconfig */,
				DD24575076022BD00736B127 /* Pods-SOS-App.release.xcconfig */,
				D048702AAC97FCED3CE4BBEC /* Pods-SOS-App-SOS-AppUITests.debug.xcconfig */,
				F1E858CAE6D378CCC4EA2CB3 /* Pods-SOS-App-SOS-AppUITests.release.xcconfig */,
				B253F32DB492D8FAE250293F /* Pods-SOS-AppTests.debug.xcconfig */,
				552A5EC5B2DE9A8445167A66 /* Pods-SOS-AppTests.release.xcconfig */,
			);
			path = Pods;
			sourceTree = "<group>";
		};
/* End PBXGroup section */

/* Begin PBXNativeTarget section */
		1380FB1E25B9C6F4001D74E7 /* SOS-App */ = {
			isa = PBXNativeTarget;
			buildConfigurationList = 1380FB4925B9C6F7001D74E7 /* Build configuration list for PBXNativeTarget "SOS-App" */;
			buildPhases = (
				9994EBBA83AEA1D7925244D7 /* [CP] Check Pods Manifest.lock */,
				1380FB1B25B9C6F4001D74E7 /* Sources */,
				1380FB1C25B9C6F4001D74E7 /* Frameworks */,
				1380FB1D25B9C6F4001D74E7 /* Resources */,
				095D38D511CC5F95020E555D /* [CP] Copy Pods Resources */,
			);
			buildRules = (
			);
			dependencies = (
			);
			name = "SOS-App";
			productName = "SOS-App";
			productReference = 1380FB1F25B9C6F4001D74E7 /* SOS-App.app */;
			productType = "com.apple.product-type.application";
		};
		1380FB3425B9C6F7001D74E7 /* SOS-AppTests */ = {
			isa = PBXNativeTarget;
			buildConfigurationList = 1380FB4C25B9C6F7001D74E7 /* Build configuration list for PBXNativeTarget "SOS-AppTests" */;
			buildPhases = (
				999AB9036715A64F58F238CE /* [CP] Check Pods Manifest.lock */,
				1380FB3125B9C6F7001D74E7 /* Sources */,
				1380FB3225B9C6F7001D74E7 /* Frameworks */,
				1380FB3325B9C6F7001D74E7 /* Resources */,
			);
			buildRules = (
			);
			dependencies = (
				1380FB3725B9C6F7001D74E7 /* PBXTargetDependency */,
			);
			name = "SOS-AppTests";
			productName = "SOS-AppTests";
			productReference = 1380FB3525B9C6F7001D74E7 /* SOS-AppTests.xctest */;
			productType = "com.apple.product-type.bundle.unit-test";
		};
		1380FB3F25B9C6F7001D74E7 /* SOS-AppUITests */ = {
			isa = PBXNativeTarget;
			buildConfigurationList = 1380FB4F25B9C6F7001D74E7 /* Build configuration list for PBXNativeTarget "SOS-AppUITests" */;
			buildPhases = (
				0B80CBF9551691F4B5C1D335 /* [CP] Check Pods Manifest.lock */,
				1380FB3C25B9C6F7001D74E7 /* Sources */,
				1380FB3D25B9C6F7001D74E7 /* Frameworks */,
				1380FB3E25B9C6F7001D74E7 /* Resources */,
				1BD3F66D18067B95F92D2CC1 /* [CP] Copy Pods Resources */,
			);
			buildRules = (
			);
			dependencies = (
				1380FB4225B9C6F7001D74E7 /* PBXTargetDependency */,
			);
			name = "SOS-AppUITests";
			productName = "SOS-AppUITests";
			productReference = 1380FB4025B9C6F7001D74E7 /* SOS-AppUITests.xctest */;
			productType = "com.apple.product-type.bundle.ui-testing";
		};
/* End PBXNativeTarget section */

/* Begin PBXProject section */
		1380FB1725B9C6F4001D74E7 /* Project object */ = {
			isa = PBXProject;
			attributes = {
				LastSwiftUpdateCheck = 1230;
				LastUpgradeCheck = 1230;
				TargetAttributes = {
					1380FB1E25B9C6F4001D74E7 = {
						CreatedOnToolsVersion = 12.3;
					};
					1380FB3425B9C6F7001D74E7 = {
						CreatedOnToolsVersion = 12.3;
						TestTargetID = 1380FB1E25B9C6F4001D74E7;
					};
					1380FB3F25B9C6F7001D74E7 = {
						CreatedOnToolsVersion = 12.3;
						TestTargetID = 1380FB1E25B9C6F4001D74E7;
					};
				};
			};
			buildConfigurationList = 1380FB1A25B9C6F4001D74E7 /* Build configuration list for PBXProject "SOS-App" */;
			compatibilityVersion = "Xcode 9.3";
			developmentRegion = en;
			hasScannedForEncodings = 0;
			knownRegions = (
				en,
				Base,
			);
			mainGroup = 1380FB1625B9C6F4001D74E7;
			productRefGroup = 1380FB2025B9C6F4001D74E7 /* Products */;
			projectDirPath = "";
			projectRoot = "";
			targets = (
				1380FB1E25B9C6F4001D74E7 /* SOS-App */,
				1380FB3425B9C6F7001D74E7 /* SOS-AppTests */,
				1380FB3F25B9C6F7001D74E7 /* SOS-AppUITests */,
			);
		};
/* End PBXProject section */

/* Begin PBXResourcesBuildPhase section */
		1380FB1D25B9C6F4001D74E7 /* Resources */ = {
			isa = PBXResourcesBuildPhase;
			buildActionMask = 2147483647;
			files = (
				13CA2D3325BA43C900B979D6 /* MarkerInfoView.xib in Resources */,
				1380FB2F25B9C6F6001D74E7 /* LaunchScreen.storyboard in Resources */,
				1380FB2C25B9C6F6001D74E7 /* images.xcassets in Resources */,
				1380FB2A25B9C6F4001D74E7 /* Main.storyboard in Resources */,
			);
			runOnlyForDeploymentPostprocessing = 0;
		};
		1380FB3325B9C6F7001D74E7 /* Resources */ = {
			isa = PBXResourcesBuildPhase;
			buildActionMask = 2147483647;
			files = (
			);
			runOnlyForDeploymentPostprocessing = 0;
		};
		1380FB3E25B9C6F7001D74E7 /* Resources */ = {
			isa = PBXResourcesBuildPhase;
			buildActionMask = 2147483647;
			files = (
			);
			runOnlyForDeploymentPostprocessing = 0;
		};
/* End PBXResourcesBuildPhase section */

/* Begin PBXShellScriptBuildPhase section */
		095D38D511CC5F95020E555D /* [CP] Copy Pods Resources */ = {
			isa = PBXShellScriptBuildPhase;
			buildActionMask = 2147483647;
			files = (
			);
			inputFileListPaths = (
				"${PODS_ROOT}/Target Support Files/Pods-SOS-App/Pods-SOS-App-resources-${CONFIGURATION}-input-files.xcfilelist",
			);
			name = "[CP] Copy Pods Resources";
			outputFileListPaths = (
				"${PODS_ROOT}/Target Support Files/Pods-SOS-App/Pods-SOS-App-resources-${CONFIGURATION}-output-files.xcfilelist",
			);
			runOnlyForDeploymentPostprocessing = 0;
			shellPath = /bin/sh;
			shellScript = "\"${PODS_ROOT}/Target Support Files/Pods-SOS-App/Pods-SOS-App-resources.sh\"\n";
			showEnvVarsInLog = 0;
		};
		0B80CBF9551691F4B5C1D335 /* [CP] Check Pods Manifest.lock */ = {
			isa = PBXShellScriptBuildPhase;
			buildActionMask = 2147483647;
			files = (
			);
			inputFileListPaths = (
			);
			inputPaths = (
				"${PODS_PODFILE_DIR_PATH}/Podfile.lock",
				"${PODS_ROOT}/Manifest.lock",
			);
			name = "[CP] Check Pods Manifest.lock";
			outputFileListPaths = (
			);
			outputPaths = (
				"$(DERIVED_FILE_DIR)/Pods-SOS-App-SOS-AppUITests-checkManifestLockResult.txt",
			);
			runOnlyForDeploymentPostprocessing = 0;
			shellPath = /bin/sh;
			shellScript = "diff \"${PODS_PODFILE_DIR_PATH}/Podfile.lock\" \"${PODS_ROOT}/Manifest.lock\" > /dev/null\nif [ $? != 0 ] ; then\n    # print error to STDERR\n    echo \"error: The sandbox is not in sync with the Podfile.lock. Run 'pod install' or update your CocoaPods installation.\" >&2\n    exit 1\nfi\n# This output is used by Xcode 'outputs' to avoid re-running this script phase.\necho \"SUCCESS\" > \"${SCRIPT_OUTPUT_FILE_0}\"\n";
			showEnvVarsInLog = 0;
		};
		1BD3F66D18067B95F92D2CC1 /* [CP] Copy Pods Resources */ = {
			isa = PBXShellScriptBuildPhase;
			buildActionMask = 2147483647;
			files = (
			);
			inputFileListPaths = (
				"${PODS_ROOT}/Target Support Files/Pods-SOS-App-SOS-AppUITests/Pods-SOS-App-SOS-AppUITests-resources-${CONFIGURATION}-input-files.xcfilelist",
			);
			name = "[CP] Copy Pods Resources";
			outputFileListPaths = (
				"${PODS_ROOT}/Target Support Files/Pods-SOS-App-SOS-AppUITests/Pods-SOS-App-SOS-AppUITests-resources-${CONFIGURATION}-output-files.xcfilelist",
			);
			runOnlyForDeploymentPostprocessing = 0;
			shellPath = /bin/sh;
			shellScript = "\"${PODS_ROOT}/Target Support Files/Pods-SOS-App-SOS-AppUITests/Pods-SOS-App-SOS-AppUITests-resources.sh\"\n";
			showEnvVarsInLog = 0;
		};
		9994EBBA83AEA1D7925244D7 /* [CP] Check Pods Manifest.lock */ = {
			isa = PBXShellScriptBuildPhase;
			buildActionMask = 2147483647;
			files = (
			);
			inputFileListPaths = (
			);
			inputPaths = (
				"${PODS_PODFILE_DIR_PATH}/Podfile.lock",
				"${PODS_ROOT}/Manifest.lock",
			);
			name = "[CP] Check Pods Manifest.lock";
			outputFileListPaths = (
			);
			outputPaths = (
				"$(DERIVED_FILE_DIR)/Pods-SOS-App-checkManifestLockResult.txt",
			);
			runOnlyForDeploymentPostprocessing = 0;
			shellPath = /bin/sh;
			shellScript = "diff \"${PODS_PODFILE_DIR_PATH}/Podfile.lock\" \"${PODS_ROOT}/Manifest.lock\" > /dev/null\nif [ $? != 0 ] ; then\n    # print error to STDERR\n    echo \"error: The sandbox is not in sync with the Podfile.lock. Run 'pod install' or update your CocoaPods installation.\" >&2\n    exit 1\nfi\n# This output is used by Xcode 'outputs' to avoid re-running this script phase.\necho \"SUCCESS\" > \"${SCRIPT_OUTPUT_FILE_0}\"\n";
			showEnvVarsInLog = 0;
		};
		999AB9036715A64F58F238CE /* [CP] Check Pods Manifest.lock */ = {
			isa = PBXShellScriptBuildPhase;
			buildActionMask = 2147483647;
			files = (
			);
			inputFileListPaths = (
			);
			inputPaths = (
				"${PODS_PODFILE_DIR_PATH}/Podfile.lock",
				"${PODS_ROOT}/Manifest.lock",
			);
			name = "[CP] Check Pods Manifest.lock";
			outputFileListPaths = (
			);
			outputPaths = (
				"$(DERIVED_FILE_DIR)/Pods-SOS-AppTests-checkManifestLockResult.txt",
			);
			runOnlyForDeploymentPostprocessing = 0;
			shellPath = /bin/sh;
			shellScript = "diff \"${PODS_PODFILE_DIR_PATH}/Podfile.lock\" \"${PODS_ROOT}/Manifest.lock\" > /dev/null\nif [ $? != 0 ] ; then\n    # print error to STDERR\n    echo \"error: The sandbox is not in sync with the Podfile.lock. Run 'pod install' or update your CocoaPods installation.\" >&2\n    exit 1\nfi\n# This output is used by Xcode 'outputs' to avoid re-running this script phase.\necho \"SUCCESS\" > \"${SCRIPT_OUTPUT_FILE_0}\"\n";
			showEnvVarsInLog = 0;
		};
/* End PBXShellScriptBuildPhase section */

/* Begin PBXSourcesBuildPhase section */
		1380FB1B25B9C6F4001D74E7 /* Sources */ = {
			isa = PBXSourcesBuildPhase;
			buildActionMask = 2147483647;
			files = (
				131BD94725BA40ED00B6FF44 /* MarkerInfoView.swift in Sources */,
				131BD94225BA409400B6FF44 /* CLLocationCoordinate+Extensions.swift in Sources */,
				131BD92A25BA3FAB00B6FF44 /* GoogleDataProvider.swift in Sources */,
				1077E88525BE0428004DF6F9 /* UIMimicController.swift in Sources */,
				131BD93825BA402200B6FF44 /* PlaceMarker.swift in Sources */,
				131BD93D25BA404400B6FF44 /* Metadata.swift in Sources */,
				1380FB2725B9C6F4001D74E7 /* MapViewController.swift in Sources */,
				131BD93325BA400200B6FF44 /* GooglePlace.swift in Sources */,
				131BD91D25BA3F0400B6FF44 /* TypesTableViewController.swift in Sources */,
				1380FB2325B9C6F4001D74E7 /* AppDelegate.swift in Sources */,
				1077E87825BDF6A2004DF6F9 /* HomeAPIContentView.swift in Sources */,
				1380FB2525B9C6F4001D74E7 /* SceneDelegate.swift in Sources */,
				1077E89C25BF0FDC004DF6F9 /* LocationViewModel.swift in Sources */,
				13CA2D3825BA441200B979D6 /* UIView+Extensions.swift in Sources */,
			);
			runOnlyForDeploymentPostprocessing = 0;
		};
		1380FB3125B9C6F7001D74E7 /* Sources */ = {
			isa = PBXSourcesBuildPhase;
			buildActionMask = 2147483647;
			files = (
				1380FB3A25B9C6F7001D74E7 /* SOS_AppTests.swift in Sources */,
			);
			runOnlyForDeploymentPostprocessing = 0;
		};
		1380FB3C25B9C6F7001D74E7 /* Sources */ = {
			isa = PBXSourcesBuildPhase;
			buildActionMask = 2147483647;
			files = (
				1380FB4525B9C6F7001D74E7 /* SOS_AppUITests.swift in Sources */,
			);
			runOnlyForDeploymentPostprocessing = 0;
		};
/* End PBXSourcesBuildPhase section */

/* Begin PBXTargetDependency section */
		1380FB3725B9C6F7001D74E7 /* PBXTargetDependency */ = {
			isa = PBXTargetDependency;
			target = 1380FB1E25B9C6F4001D74E7 /* SOS-App */;
			targetProxy = 1380FB3625B9C6F7001D74E7 /* PBXContainerItemProxy */;
		};
		1380FB4225B9C6F7001D74E7 /* PBXTargetDependency */ = {
			isa = PBXTargetDependency;
			target = 1380FB1E25B9C6F4001D74E7 /* SOS-App */;
			targetProxy = 1380FB4125B9C6F7001D74E7 /* PBXContainerItemProxy */;
		};
/* End PBXTargetDependency section */

/* Begin PBXVariantGroup section */
		1380FB2825B9C6F4001D74E7 /* Main.storyboard */ = {
			isa = PBXVariantGroup;
			children = (
				1380FB2925B9C6F4001D74E7 /* Base */,
			);
			name = Main.storyboard;
			sourceTree = "<group>";
		};
		1380FB2D25B9C6F6001D74E7 /* LaunchScreen.storyboard */ = {
			isa = PBXVariantGroup;
			children = (
				1380FB2E25B9C6F6001D74E7 /* Base */,
			);
			name = LaunchScreen.storyboard;
			sourceTree = "<group>";
		};
/* End PBXVariantGroup section */

/* Begin XCBuildConfiguration section */
		1380FB4725B9C6F7001D74E7 /* Debug */ = {
			isa = XCBuildConfiguration;
			buildSettings = {
				ALWAYS_SEARCH_USER_PATHS = NO;
				CLANG_ANALYZER_NONNULL = YES;
				CLANG_ANALYZER_NUMBER_OBJECT_CONVERSION = YES_AGGRESSIVE;
				CLANG_CXX_LANGUAGE_STANDARD = "gnu++14";
				CLANG_CXX_LIBRARY = "libc++";
				CLANG_ENABLE_MODULES = YES;
				CLANG_ENABLE_OBJC_ARC = YES;
				CLANG_ENABLE_OBJC_WEAK = YES;
				CLANG_WARN_BLOCK_CAPTURE_AUTORELEASING = YES;
				CLANG_WARN_BOOL_CONVERSION = YES;
				CLANG_WARN_COMMA = YES;
				CLANG_WARN_CONSTANT_CONVERSION = YES;
				CLANG_WARN_DEPRECATED_OBJC_IMPLEMENTATIONS = YES;
				CLANG_WARN_DIRECT_OBJC_ISA_USAGE = YES_ERROR;
				CLANG_WARN_DOCUMENTATION_COMMENTS = YES;
				CLANG_WARN_EMPTY_BODY = YES;
				CLANG_WARN_ENUM_CONVERSION = YES;
				CLANG_WARN_INFINITE_RECURSION = YES;
				CLANG_WARN_INT_CONVERSION = YES;
				CLANG_WARN_NON_LITERAL_NULL_CONVERSION = YES;
				CLANG_WARN_OBJC_IMPLICIT_RETAIN_SELF = YES;
				CLANG_WARN_OBJC_LITERAL_CONVERSION = YES;
				CLANG_WARN_OBJC_ROOT_CLASS = YES_ERROR;
				CLANG_WARN_QUOTED_INCLUDE_IN_FRAMEWORK_HEADER = YES;
				CLANG_WARN_RANGE_LOOP_ANALYSIS = YES;
				CLANG_WARN_STRICT_PROTOTYPES = YES;
				CLANG_WARN_SUSPICIOUS_MOVE = YES;
				CLANG_WARN_UNGUARDED_AVAILABILITY = YES_AGGRESSIVE;
				CLANG_WARN_UNREACHABLE_CODE = YES;
				CLANG_WARN__DUPLICATE_METHOD_MATCH = YES;
				COPY_PHASE_STRIP = NO;
				DEBUG_INFORMATION_FORMAT = dwarf;
				ENABLE_STRICT_OBJC_MSGSEND = YES;
				ENABLE_TESTABILITY = YES;
				GCC_C_LANGUAGE_STANDARD = gnu11;
				GCC_DYNAMIC_NO_PIC = NO;
				GCC_NO_COMMON_BLOCKS = YES;
				GCC_OPTIMIZATION_LEVEL = 0;
				GCC_PREPROCESSOR_DEFINITIONS = (
					"DEBUG=1",
					"$(inherited)",
				);
				GCC_WARN_64_TO_32_BIT_CONVERSION = YES;
				GCC_WARN_ABOUT_RETURN_TYPE = YES_ERROR;
				GCC_WARN_UNDECLARED_SELECTOR = YES;
				GCC_WARN_UNINITIALIZED_AUTOS = YES_AGGRESSIVE;
				GCC_WARN_UNUSED_FUNCTION = YES;
				GCC_WARN_UNUSED_VARIABLE = YES;
				IPHONEOS_DEPLOYMENT_TARGET = 14.3;
				MTL_ENABLE_DEBUG_INFO = INCLUDE_SOURCE;
				MTL_FAST_MATH = YES;
				ONLY_ACTIVE_ARCH = YES;
				SDKROOT = iphoneos;
				SWIFT_ACTIVE_COMPILATION_CONDITIONS = DEBUG;
				SWIFT_OPTIMIZATION_LEVEL = "-Onone";
			};
			name = Debug;
		};
		1380FB4825B9C6F7001D74E7 /* Release */ = {
			isa = XCBuildConfiguration;
			buildSettings = {
				ALWAYS_SEARCH_USER_PATHS = NO;
				CLANG_ANALYZER_NONNULL = YES;
				CLANG_ANALYZER_NUMBER_OBJECT_CONVERSION = YES_AGGRESSIVE;
				CLANG_CXX_LANGUAGE_STANDARD = "gnu++14";
				CLANG_CXX_LIBRARY = "libc++";
				CLANG_ENABLE_MODULES = YES;
				CLANG_ENABLE_OBJC_ARC = YES;
				CLANG_ENABLE_OBJC_WEAK = YES;
				CLANG_WARN_BLOCK_CAPTURE_AUTORELEASING = YES;
				CLANG_WARN_BOOL_CONVERSION = YES;
				CLANG_WARN_COMMA = YES;
				CLANG_WARN_CONSTANT_CONVERSION = YES;
				CLANG_WARN_DEPRECATED_OBJC_IMPLEMENTATIONS = YES;
				CLANG_WARN_DIRECT_OBJC_ISA_USAGE = YES_ERROR;
				CLANG_WARN_DOCUMENTATION_COMMENTS = YES;
				CLANG_WARN_EMPTY_BODY = YES;
				CLANG_WARN_ENUM_CONVERSION = YES;
				CLANG_WARN_INFINITE_RECURSION = YES;
				CLANG_WARN_INT_CONVERSION = YES;
				CLANG_WARN_NON_LITERAL_NULL_CONVERSION = YES;
				CLANG_WARN_OBJC_IMPLICIT_RETAIN_SELF = YES;
				CLANG_WARN_OBJC_LITERAL_CONVERSION = YES;
				CLANG_WARN_OBJC_ROOT_CLASS = YES_ERROR;
				CLANG_WARN_QUOTED_INCLUDE_IN_FRAMEWORK_HEADER = YES;
				CLANG_WARN_RANGE_LOOP_ANALYSIS = YES;
				CLANG_WARN_STRICT_PROTOTYPES = YES;
				CLANG_WARN_SUSPICIOUS_MOVE = YES;
				CLANG_WARN_UNGUARDED_AVAILABILITY = YES_AGGRESSIVE;
				CLANG_WARN_UNREACHABLE_CODE = YES;
				CLANG_WARN__DUPLICATE_METHOD_MATCH = YES;
				COPY_PHASE_STRIP = NO;
				DEBUG_INFORMATION_FORMAT = "dwarf-with-dsym";
				ENABLE_NS_ASSERTIONS = NO;
				ENABLE_STRICT_OBJC_MSGSEND = YES;
				GCC_C_LANGUAGE_STANDARD = gnu11;
				GCC_NO_COMMON_BLOCKS = YES;
				GCC_WARN_64_TO_32_BIT_CONVERSION = YES;
				GCC_WARN_ABOUT_RETURN_TYPE = YES_ERROR;
				GCC_WARN_UNDECLARED_SELECTOR = YES;
				GCC_WARN_UNINITIALIZED_AUTOS = YES_AGGRESSIVE;
				GCC_WARN_UNUSED_FUNCTION = YES;
				GCC_WARN_UNUSED_VARIABLE = YES;
				IPHONEOS_DEPLOYMENT_TARGET = 14.3;
				MTL_ENABLE_DEBUG_INFO = NO;
				MTL_FAST_MATH = YES;
				SDKROOT = iphoneos;
				SWIFT_COMPILATION_MODE = wholemodule;
				SWIFT_OPTIMIZATION_LEVEL = "-O";
				VALIDATE_PRODUCT = YES;
			};
			name = Release;
		};
		1380FB4A25B9C6F7001D74E7 /* Debug */ = {
			isa = XCBuildConfiguration;
			baseConfigurationReference = 5B474BA887CC6085BF17568C /* Pods-SOS-App.debug.xcconfig */;
			buildSettings = {
				ASSETCATALOG_COMPILER_APPICON_NAME = AppIcon;
				ASSETCATALOG_COMPILER_GLOBAL_ACCENT_COLOR_NAME = AccentColor;
				CODE_SIGN_STYLE = Automatic;
				DEVELOPMENT_TEAM = G2DWMG8V26;
				INFOPLIST_FILE = "SOS-App/Info.plist";
				LD_RUNPATH_SEARCH_PATHS = (
					"$(inherited)",
					"@executable_path/Frameworks",
				);
				PRODUCT_BUNDLE_IDENTIFIER = "fjma.SOS-App";
				PRODUCT_NAME = "$(TARGET_NAME)";
				SWIFT_VERSION = 5.0;
				TARGETED_DEVICE_FAMILY = "1,2";
			};
			name = Debug;
		};
		1380FB4B25B9C6F7001D74E7 /* Release */ = {
			isa = XCBuildConfiguration;
			baseConfigurationReference = DD24575076022BD00736B127 /* Pods-SOS-App.release.xcconfig */;
			buildSettings = {
				ASSETCATALOG_COMPILER_APPICON_NAME = AppIcon;
				ASSETCATALOG_COMPILER_GLOBAL_ACCENT_COLOR_NAME = AccentColor;
				CODE_SIGN_STYLE = Automatic;
				DEVELOPMENT_TEAM = G2DWMG8V26;
				INFOPLIST_FILE = "SOS-App/Info.plist";
				LD_RUNPATH_SEARCH_PATHS = (
					"$(inherited)",
					"@executable_path/Frameworks",
				);
				PRODUCT_BUNDLE_IDENTIFIER = "fjma.SOS-App";
				PRODUCT_NAME = "$(TARGET_NAME)";
				SWIFT_VERSION = 5.0;
				TARGETED_DEVICE_FAMILY = "1,2";
			};
			name = Release;
		};
		1380FB4D25B9C6F7001D74E7 /* Debug */ = {
			isa = XCBuildConfiguration;
			baseConfigurationReference = B253F32DB492D8FAE250293F /* Pods-SOS-AppTests.debug.xcconfig */;
			buildSettings = {
				ALWAYS_EMBED_SWIFT_STANDARD_LIBRARIES = YES;
				BUNDLE_LOADER = "$(TEST_HOST)";
				CODE_SIGN_STYLE = Automatic;
				DEVELOPMENT_TEAM = G2DWMG8V26;
				INFOPLIST_FILE = "SOS-AppTests/Info.plist";
				IPHONEOS_DEPLOYMENT_TARGET = 14.3;
				LD_RUNPATH_SEARCH_PATHS = (
					"$(inherited)",
					"@executable_path/Frameworks",
					"@loader_path/Frameworks",
				);
				PRODUCT_BUNDLE_IDENTIFIER = "fjma.SOS-AppTests";
				PRODUCT_NAME = "$(TARGET_NAME)";
				SWIFT_VERSION = 5.0;
				TARGETED_DEVICE_FAMILY = "1,2";
				TEST_HOST = "$(BUILT_PRODUCTS_DIR)/SOS-App.app/SOS-App";
			};
			name = Debug;
		};
		1380FB4E25B9C6F7001D74E7 /* Release */ = {
			isa = XCBuildConfiguration;
			baseConfigurationReference = 552A5EC5B2DE9A8445167A66 /* Pods-SOS-AppTests.release.xcconfig */;
			buildSettings = {
				ALWAYS_EMBED_SWIFT_STANDARD_LIBRARIES = YES;
				BUNDLE_LOADER = "$(TEST_HOST)";
				CODE_SIGN_STYLE = Automatic;
				DEVELOPMENT_TEAM = G2DWMG8V26;
				INFOPLIST_FILE = "SOS-AppTests/Info.plist";
				IPHONEOS_DEPLOYMENT_TARGET = 14.3;
				LD_RUNPATH_SEARCH_PATHS = (
					"$(inherited)",
					"@executable_path/Frameworks",
					"@loader_path/Frameworks",
				);
				PRODUCT_BUNDLE_IDENTIFIER = "fjma.SOS-AppTests";
				PRODUCT_NAME = "$(TARGET_NAME)";
				SWIFT_VERSION = 5.0;
				TARGETED_DEVICE_FAMILY = "1,2";
				TEST_HOST = "$(BUILT_PRODUCTS_DIR)/SOS-App.app/SOS-App";
			};
			name = Release;
		};
		1380FB5025B9C6F7001D74E7 /* Debug */ = {
			isa = XCBuildConfiguration;
			baseConfigurationReference = D048702AAC97FCED3CE4BBEC /* Pods-SOS-App-SOS-AppUITests.debug.xcconfig */;
			buildSettings = {
				ALWAYS_EMBED_SWIFT_STANDARD_LIBRARIES = YES;
				CODE_SIGN_STYLE = Automatic;
				DEVELOPMENT_TEAM = G2DWMG8V26;
				INFOPLIST_FILE = "SOS-AppUITests/Info.plist";
				LD_RUNPATH_SEARCH_PATHS = (
					"$(inherited)",
					"@executable_path/Frameworks",
					"@loader_path/Frameworks",
				);
				PRODUCT_BUNDLE_IDENTIFIER = "fjma.SOS-AppUITests";
				PRODUCT_NAME = "$(TARGET_NAME)";
				SWIFT_VERSION = 5.0;
				TARGETED_DEVICE_FAMILY = "1,2";
				TEST_TARGET_NAME = "SOS-App";
			};
			name = Debug;
		};
		1380FB5125B9C6F7001D74E7 /* Release */ = {
			isa = XCBuildConfiguration;
			baseConfigurationReference = F1E858CAE6D378CCC4EA2CB3 /* Pods-SOS-App-SOS-AppUITests.release.xcconfig */;
			buildSettings = {
				ALWAYS_EMBED_SWIFT_STANDARD_LIBRARIES = YES;
				CODE_SIGN_STYLE = Automatic;
				DEVELOPMENT_TEAM = G2DWMG8V26;
				INFOPLIST_FILE = "SOS-AppUITests/Info.plist";
				LD_RUNPATH_SEARCH_PATHS = (
					"$(inherited)",
					"@executable_path/Frameworks",
					"@loader_path/Frameworks",
				);
				PRODUCT_BUNDLE_IDENTIFIER = "fjma.SOS-AppUITests";
				PRODUCT_NAME = "$(TARGET_NAME)";
				SWIFT_VERSION = 5.0;
				TARGETED_DEVICE_FAMILY = "1,2";
				TEST_TARGET_NAME = "SOS-App";
			};
			name = Release;
		};
/* End XCBuildConfiguration section */

/* Begin XCConfigurationList section */
		1380FB1A25B9C6F4001D74E7 /* Build configuration list for PBXProject "SOS-App" */ = {
			isa = XCConfigurationList;
			buildConfigurations = (
				1380FB4725B9C6F7001D74E7 /* Debug */,
				1380FB4825B9C6F7001D74E7 /* Release */,
			);
			defaultConfigurationIsVisible = 0;
			defaultConfigurationName = Release;
		};
		1380FB4925B9C6F7001D74E7 /* Build configuration list for PBXNativeTarget "SOS-App" */ = {
			isa = XCConfigurationList;
			buildConfigurations = (
				1380FB4A25B9C6F7001D74E7 /* Debug */,
				1380FB4B25B9C6F7001D74E7 /* Release */,
			);
			defaultConfigurationIsVisible = 0;
			defaultConfigurationName = Release;
		};
		1380FB4C25B9C6F7001D74E7 /* Build configuration list for PBXNativeTarget "SOS-AppTests" */ = {
			isa = XCConfigurationList;
			buildConfigurations = (
				1380FB4D25B9C6F7001D74E7 /* Debug */,
				1380FB4E25B9C6F7001D74E7 /* Release */,
			);
			defaultConfigurationIsVisible = 0;
			defaultConfigurationName = Release;
		};
		1380FB4F25B9C6F7001D74E7 /* Build configuration list for PBXNativeTarget "SOS-AppUITests" */ = {
			isa = XCConfigurationList;
			buildConfigurations = (
				1380FB5025B9C6F7001D74E7 /* Debug */,
				1380FB5125B9C6F7001D74E7 /* Release */,
			);
			defaultConfigurationIsVisible = 0;
			defaultConfigurationName = Release;
		};
/* End XCConfigurationList section */
	};
	rootObject = 1380FB1725B9C6F4001D74E7 /* Project object */;
}
